
Microsoft Visual Studio Solution File, Format Version 12.00
# Visual Studio 2013
VisualStudioVersion = 12.0.21005.1
MinimumVisualStudioVersion = 10.0.40219.1
Project("{FAE04EC0-301F-11D3-BF4B-00C04F79EFBC}") = "Yaozd.Web", "Yaozd.Web\Yaozd.Web.csproj", "{A2274222-BA27-4573-AED6-9C2BD95A24BE}"
EndProject
Project("{FAE04EC0-301F-11D3-BF4B-00C04F79EFBC}") = "Yaozd.CookieLib", "Yaozd.CookieLib\Yaozd.CookieLib.csproj", "{74BD3E01-AC70-4F2E-8FAF-75B2B6D4FCE6}"
EndProject
Project("{FAE04EC0-301F-11D3-BF4B-00C04F79EFBC}") = "Yaozd.Web.Service", "Yaozd.Web.Service\Yaozd.Web.Service.csproj", "{741A707F-2513-412A-9F1D-8C96A94998AF}"
EndProject
Project("{FAE04EC0-301F-11D3-BF4B-00C04F79EFBC}") = "Yaozd.Model", "Yaozd.Model\Yaozd.Model.csproj", "{1807CAFC-1249-470B-8C9A-8C35C0BB82E1}"
EndProject
Project("{FAE04EC0-301F-11D3-BF4B-00C04F79EFBC}") = "DotNet.Utilities", "DotNet.Utilities\DotNet.Utilities.csproj", "{07CE45C8-D556-47CC-B3EF-349025A6F646}"
EndProject
Global
	GlobalSection(SolutionConfigurationPlatforms) = preSolution
		Debug|Any CPU = Debug|Any CPU
		Release|Any CPU = Release|Any CPU
	EndGlobalSection
	GlobalSection(ProjectConfigurationPlatforms) = postSolution
		{A2274222-BA27-4573-AED6-9C2BD95A24BE}.Debug|Any CPU.ActiveCfg = Debug|Any CPU
		{A2274222-BA27-4573-AED6-9C2BD95A24BE}.Debug|Any CPU.Build.0 = Debug|Any CPU
		{A2274222-BA27-4573-AED6-9C2BD95A24BE}.Release|Any CPU.ActiveCfg = Release|Any CPU
		{A2274222-BA27-4573-AED6-9C2BD95A24BE}.Release|Any CPU.Build.0 = Release|Any CPU
		{74BD3E01-AC70-4F2E-8FAF-75B2B6D4FCE6}.Debug|Any CPU.ActiveCfg = Debug|Any CPU
		{74BD3E01-AC70-4F2E-8FAF-75B2B6D4FCE6}.Debug|Any CPU.Build.0 = Debug|Any CPU
		{74BD3E01-AC70-4F2E-8FAF-75B2B6D4FCE6}.Release|Any CPU.ActiveCfg = Release|Any CPU
		{74BD3E01-AC70-4F2E-8FAF-75B2B6D4FCE6}.Release|Any CPU.Build.0 = Release|Any CPU
		{741A707F-2513-412A-9F1D-8C96A94998AF}.Debug|Any CPU.ActiveCfg = Debug|Any CPU
		{741A707F-2513-412A-9F1D-8C96A94998AF}.Debug|Any CPU.Build.0 = Debug|Any CPU
		{741A707F-2513-412A-9F1D-8C96A94998AF}.Release|Any CPU.ActiveCfg = Release|Any CPU
		{741A707F-2513-412A-9F1D-8C96A94998AF}.Release|Any CPU.Build.0 = Release|Any CPU
		{1807CAFC-1249-470B-8C9A-8C35C0BB82E1}.Debug|Any CPU.ActiveCfg = Debug|Any CPU
		{1807CAFC-1249-470B-8C9A-8C35C0BB82E1}.Debug|Any CPU.Build.0 = Debug|Any CPU
		{1807CAFC-1249-470B-8C9A-8C35C0BB82E1}.Release|Any CPU.ActiveCfg = Release|Any CPU
		{1807CAFC-1249-470B-8C9A-8C35C0BB82E1}.Release|Any CPU.Build.0 = Release|Any CPU
		{07CE45C8-D556-47CC-B3EF-349025A6F646}.Debug|Any CPU.ActiveCfg = Debug|Any CPU
		{07CE45C8-D556-47CC-B3EF-349025A6F646}.Debug|Any CPU.Build.0 = Debug|Any CPU
		{07CE45C8-D556-47CC-B3EF-349025A6F646}.Release|Any CPU.ActiveCfg = Release|Any CPU
		{07CE45C8-D556-47CC-B3EF-349025A6F646}.Release|Any CPU.Build.0 = Release|Any CPU
	EndGlobalSection
	GlobalSection(SolutionProperties) = preSolution
		HideSolutionNode = FALSE
	EndGlobalSection
EndGlobal
